
Microsoft Visual Studio Solution File, Format Version 12.00
# Visual Studio Version 16
VisualStudioVersion = 16.0.29911.84
MinimumVisualStudioVersion = 10.0.40219.1
Project("{FAE04EC0-301F-11D3-BF4B-00C04F79EFBC}") = "AirMonitor.Android", "AirMonitor\AirMonitor.Android\AirMonitor.Android.csproj", "{F2420693-1E45-4279-90A3-B77894162C03}"
EndProject
Project("{FAE04EC0-301F-11D3-BF4B-00C04F79EFBC}") = "AirMonitor.iOS", "AirMonitor\AirMonitor.iOS\AirMonitor.iOS.csproj", "{76EF6C79-BA35-4186-A8C9-93D274F890DD}"
EndProject
Project("{FAE04EC0-301F-11D3-BF4B-00C04F79EFBC}") = "AirMonitor", "AirMonitor\AirMonitor\AirMonitor.csproj", "{92394F87-F8F4-4830-AF76-FB0C2415C7B3}"
EndProject
Global
	GlobalSection(SolutionConfigurationPlatforms) = preSolution
		Debug|Any CPU = Debug|Any CPU
		Debug|iPhone = Debug|iPhone
		Debug|iPhoneSimulator = Debug|iPhoneSimulator
		Release|Any CPU = Release|Any CPU
		Release|iPhone = Release|iPhone
		Release|iPhoneSimulator = Release|iPhoneSimulator
	EndGlobalSection
	GlobalSection(ProjectConfigurationPlatforms) = postSolution
		{F2420693-1E45-4279-90A3-B77894162C03}.Debug|Any CPU.ActiveCfg = Debug|Any CPU
		{F2420693-1E45-4279-90A3-B77894162C03}.Debug|Any CPU.Build.0 = Debug|Any CPU
		{F2420693-1E45-4279-90A3-B77894162C03}.Debug|Any CPU.Deploy.0 = Debug|Any CPU
		{F2420693-1E45-4279-90A3-B77894162C03}.Debug|iPhone.ActiveCfg = Debug|Any CPU
		{F2420693-1E45-4279-90A3-B77894162C03}.Debug|iPhone.Build.0 = Debug|Any CPU
		{F2420693-1E45-4279-90A3-B77894162C03}.Debug|iPhone.Deploy.0 = Debug|Any CPU
		{F2420693-1E45-4279-90A3-B77894162C03}.Debug|iPhoneSimulator.ActiveCfg = Debug|Any CPU
		{F2420693-1E45-4279-90A3-B77894162C03}.Debug|iPhoneSimulator.Build.0 = Debug|Any CPU
		{F2420693-1E45-4279-90A3-B77894162C03}.Debug|iPhoneSimulator.Deploy.0 = Debug|Any CPU
		{F2420693-1E45-4279-90A3-B77894162C03}.Release|Any CPU.ActiveCfg = Release|Any CPU
		{F2420693-1E45-4279-90A3-B77894162C03}.Release|Any CPU.Build.0 = Release|Any CPU
		{F2420693-1E45-4279-90A3-B77894162C03}.Release|Any CPU.Deploy.0 = Release|Any CPU
		{F2420693-1E45-4279-90A3-B77894162C03}.Release|iPhone.ActiveCfg = Release|Any CPU
		{F2420693-1E45-4279-90A3-B77894162C03}.Release|iPhone.Build.0 = Release|Any CPU
		{F2420693-1E45-4279-90A3-B77894162C03}.Release|iPhone.Deploy.0 = Release|Any CPU
		{F2420693-1E45-4279-90A3-B77894162C03}.Release|iPhoneSimulator.ActiveCfg = Release|Any CPU
		{F2420693-1E45-4279-90A3-B77894162C03}.Release|iPhoneSimulator.Build.0 = Release|Any CPU
		{F2420693-1E45-4279-90A3-B77894162C03}.Release|iPhoneSimulator.Deploy.0 = Release|Any CPU
		{76EF6C79-BA35-4186-A8C9-93D274F890DD}.Debug|Any CPU.ActiveCfg = Debug|iPhone
		{76EF6C79-BA35-4186-A8C9-93D274F890DD}.Debug|Any CPU.Build.0 = Debug|iPhone
		{76EF6C79-BA35-4186-A8C9-93D274F890DD}.Debug|Any CPU.Deploy.0 = Debug|iPhone
		{76EF6C79-BA35-4186-A8C9-93D274F890DD}.Debug|iPhone.ActiveCfg = Debug|iPhone
		{76EF6C79-BA35-4186-A8C9-93D274F890DD}.Debug|iPhone.Build.0 = Debug|iPhone
		{76EF6C79-BA35-4186-A8C9-93D274F890DD}.Debug|iPhone.Deploy.0 = Debug|iPhone
		{76EF6C79-BA35-4186-A8C9-93D274F890DD}.Debug|iPhoneSimulator.ActiveCfg = Debug|iPhoneSimulator
		{76EF6C79-BA35-4186-A8C9-93D274F890DD}.Debug|iPhoneSimulator.Build.0 = Debug|iPhoneSimulator
		{76EF6C79-BA35-4186-A8C9-93D274F890DD}.Debug|iPhoneSimulator.Deploy.0 = Debug|iPhoneSimulator
		{76EF6C79-BA35-4186-A8C9-93D274F890DD}.Release|Any CPU.ActiveCfg = Release|iPhone
		{76EF6C79-BA35-4186-A8C9-93D274F890DD}.Release|Any CPU.Build.0 = Release|iPhone
		{76EF6C79-BA35-4186-A8C9-93D274F890DD}.Release|Any CPU.Deploy.0 = Release|iPhone
		{76EF6C79-BA35-4186-A8C9-93D274F890DD}.Release|iPhone.ActiveCfg = Release|iPhone
		{76EF6C79-BA35-4186-A8C9-93D274F890DD}.Release|iPhone.Build.0 = Release|iPhone
		{76EF6C79-BA35-4186-A8C9-93D274F890DD}.Release|iPhone.Deploy.0 = Release|iPhone
		{76EF6C79-BA35-4186-A8C9-93D274F890DD}.Release|iPhoneSimulator.ActiveCfg = Release|iPhoneSimulator
		{76EF6C79-BA35-4186-A8C9-93D274F890DD}.Release|iPhoneSimulator.Build.0 = Release|iPhoneSimulator
		{76EF6C79-BA35-4186-A8C9-93D274F890DD}.Release|iPhoneSimulator.Deploy.0 = Release|iPhoneSimulator
		{92394F87-F8F4-4830-AF76-FB0C2415C7B3}.Debug|Any CPU.ActiveCfg = Debug|Any CPU
		{92394F87-F8F4-4830-AF76-FB0C2415C7B3}.Debug|Any CPU.Build.0 = Debug|Any CPU
		{92394F87-F8F4-4830-AF76-FB0C2415C7B3}.Debug|Any CPU.Deploy.0 = Debug|Any CPU
		{92394F87-F8F4-4830-AF76-FB0C2415C7B3}.Debug|iPhone.ActiveCfg = Debug|Any CPU
		{92394F87-F8F4-4830-AF76-FB0C2415C7B3}.Debug|iPhone.Build.0 = Debug|Any CPU
		{92394F87-F8F4-4830-AF76-FB0C2415C7B3}.Debug|iPhone.Deploy.0 = Debug|Any CPU
		{92394F87-F8F4-4830-AF76-FB0C2415C7B3}.Debug|iPhoneSimulator.ActiveCfg = Debug|Any CPU
		{92394F87-F8F4-4830-AF76-FB0C2415C7B3}.Debug|iPhoneSimulator.Build.0 = Debug|Any CPU
		{92394F87-F8F4-4830-AF76-FB0C2415C7B3}.Debug|iPhoneSimulator.Deploy.0 = Debug|Any CPU
		{92394F87-F8F4-4830-AF76-FB0C2415C7B3}.Release|Any CPU.ActiveCfg = Release|Any CPU
		{92394F87-F8F4-4830-AF76-FB0C2415C7B3}.Release|Any CPU.Build.0 = Release|Any CPU
		{92394F87-F8F4-4830-AF76-FB0C2415C7B3}.Release|Any CPU.Deploy.0 = Release|Any CPU
		{92394F87-F8F4-4830-AF76-FB0C2415C7B3}.Release|iPhone.ActiveCfg = Release|Any CPU
		{92394F87-F8F4-4830-AF76-FB0C2415C7B3}.Release|iPhone.Build.0 = Release|Any CPU
		{92394F87-F8F4-4830-AF76-FB0C2415C7B3}.Release|iPhone.Deploy.0 = Release|Any CPU
		{92394F87-F8F4-4830-AF76-FB0C2415C7B3}.Release|iPhoneSimulator.ActiveCfg = Release|Any CPU
		{92394F87-F8F4-4830-AF76-FB0C2415C7B3}.Release|iPhoneSimulator.Build.0 = Release|Any CPU
		{92394F87-F8F4-4830-AF76-FB0C2415C7B3}.Release|iPhoneSimulator.Deploy.0 = Release|Any CPU
	EndGlobalSection
	GlobalSection(SolutionProperties) = preSolution
		HideSolutionNode = FALSE
	EndGlobalSection
	GlobalSection(ExtensibilityGlobals) = postSolution
		SolutionGuid = {C8BF2BED-6468-47B9-9A37-4D222439A458}
	EndGlobalSection
EndGlobal
